
Microsoft Visual Studio Solution File, Format Version 12.00
# Visual Studio Version 17
VisualStudioVersion = 17.4.33403.182
MinimumVisualStudioVersion = 10.0.40219.1
Project("{2150E333-8FDC-42A3-9474-1A3956D46DE8}") = "Services", "Services", "{09508787-B726-4595-AA04-FD652D0B4609}"
EndProject
Project("{2150E333-8FDC-42A3-9474-1A3956D46DE8}") = "IdentityServer", "IdentityServer", "{C8C65594-A6F5-4D8C-9A40-B257F5A63230}"
EndProject
Project("{2150E333-8FDC-42A3-9474-1A3956D46DE8}") = "Accounts", "Accounts", "{96BF185F-019E-4211-B1E9-65B769395E32}"
EndProject
Project("{2150E333-8FDC-42A3-9474-1A3956D46DE8}") = "Gateways", "Gateways", "{42DF0570-DBF2-44A3-8852-031777F111CD}"
EndProject
Project("{2150E333-8FDC-42A3-9474-1A3956D46DE8}") = "Shared", "Shared", "{091B1E7A-0B62-4B98-9AE9-D21CA348777C}"
EndProject
Project("{2150E333-8FDC-42A3-9474-1A3956D46DE8}") = "Solution Items", "Solution Items", "{49D68E31-5E5F-4676-92D3-4DC125DBC4A2}"
EndProject
Project("{9A19103F-16F7-4668-BE54-9A1E7A4F7556}") = "VetSystems.Gateway", "ApiGateways\VetSystems.Gateway\VetSystems.Gateway.csproj", "{73D7A5C8-6745-45C4-86B3-94BC7D68CB18}"
EndProject
Project("{9A19103F-16F7-4668-BE54-9A1E7A4F7556}") = "VetSystems.Account.Api", "Services\Account\VetSystems.Account\VetSystems.Account.Api.csproj", "{C913CA1C-0A2F-45CC-9A3C-248B70D7A881}"
EndProject
Project("{9A19103F-16F7-4668-BE54-9A1E7A4F7556}") = "VetSystems.Account.Application", "Services\Account\VetSystems.Account.Application\VetSystems.Account.Application.csproj", "{5898A4F6-D528-4025-ACC2-9EFAE96ED79A}"
EndProject
Project("{9A19103F-16F7-4668-BE54-9A1E7A4F7556}") = "VetSystems.Account.Domain", "Services\Account\VetSystems.Account.Domain\VetSystems.Account.Domain.csproj", "{46D55FE5-13F8-4CBC-A597-509C0217BB31}"
EndProject
Project("{9A19103F-16F7-4668-BE54-9A1E7A4F7556}") = "VetSystems.Account.Infrastructure", "Services\Account\VetSystems.Account.Infrastructure\VetSystems.Account.Infrastructure.csproj", "{F375F701-6C4D-4549-A443-158370DA979E}"
EndProject
Project("{9A19103F-16F7-4668-BE54-9A1E7A4F7556}") = "VetSystems.Shared", "Shared\VetSystems.Shared\VetSystems.Shared.csproj", "{C7EA6A1F-4BBB-4940-8883-0C209FA1E612}"
EndProject
Global
	GlobalSection(SolutionConfigurationPlatforms) = preSolution
		Debug|Any CPU = Debug|Any CPU
		Release|Any CPU = Release|Any CPU
	EndGlobalSection
	GlobalSection(ProjectConfigurationPlatforms) = postSolution
		{73D7A5C8-6745-45C4-86B3-94BC7D68CB18}.Debug|Any CPU.ActiveCfg = Debug|Any CPU
		{73D7A5C8-6745-45C4-86B3-94BC7D68CB18}.Debug|Any CPU.Build.0 = Debug|Any CPU
		{73D7A5C8-6745-45C4-86B3-94BC7D68CB18}.Release|Any CPU.ActiveCfg = Release|Any CPU
		{73D7A5C8-6745-45C4-86B3-94BC7D68CB18}.Release|Any CPU.Build.0 = Release|Any CPU
		{C913CA1C-0A2F-45CC-9A3C-248B70D7A881}.Debug|Any CPU.ActiveCfg = Debug|Any CPU
		{C913CA1C-0A2F-45CC-9A3C-248B70D7A881}.Debug|Any CPU.Build.0 = Debug|Any CPU
		{C913CA1C-0A2F-45CC-9A3C-248B70D7A881}.Release|Any CPU.ActiveCfg = Release|Any CPU
		{C913CA1C-0A2F-45CC-9A3C-248B70D7A881}.Release|Any CPU.Build.0 = Release|Any CPU
		{5898A4F6-D528-4025-ACC2-9EFAE96ED79A}.Debug|Any CPU.ActiveCfg = Debug|Any CPU
		{5898A4F6-D528-4025-ACC2-9EFAE96ED79A}.Debug|Any CPU.Build.0 = Debug|Any CPU
		{5898A4F6-D528-4025-ACC2-9EFAE96ED79A}.Release|Any CPU.ActiveCfg = Release|Any CPU
		{5898A4F6-D528-4025-ACC2-9EFAE96ED79A}.Release|Any CPU.Build.0 = Release|Any CPU
		{46D55FE5-13F8-4CBC-A597-509C0217BB31}.Debug|Any CPU.ActiveCfg = Debug|Any CPU
		{46D55FE5-13F8-4CBC-A597-509C0217BB31}.Debug|Any CPU.Build.0 = Debug|Any CPU
		{46D55FE5-13F8-4CBC-A597-509C0217BB31}.Release|Any CPU.ActiveCfg = Release|Any CPU
		{46D55FE5-13F8-4CBC-A597-509C0217BB31}.Release|Any CPU.Build.0 = Release|Any CPU
		{F375F701-6C4D-4549-A443-158370DA979E}.Debug|Any CPU.ActiveCfg = Debug|Any CPU
		{F375F701-6C4D-4549-A443-158370DA979E}.Debug|Any CPU.Build.0 = Debug|Any CPU
		{F375F701-6C4D-4549-A443-158370DA979E}.Release|Any CPU.ActiveCfg = Release|Any CPU
		{F375F701-6C4D-4549-A443-158370DA979E}.Release|Any CPU.Build.0 = Release|Any CPU
		{C7EA6A1F-4BBB-4940-8883-0C209FA1E612}.Debug|Any CPU.ActiveCfg = Debug|Any CPU
		{C7EA6A1F-4BBB-4940-8883-0C209FA1E612}.Debug|Any CPU.Build.0 = Debug|Any CPU
		{C7EA6A1F-4BBB-4940-8883-0C209FA1E612}.Release|Any CPU.ActiveCfg = Release|Any CPU
		{C7EA6A1F-4BBB-4940-8883-0C209FA1E612}.Release|Any CPU.Build.0 = Release|Any CPU
	EndGlobalSection
	GlobalSection(SolutionProperties) = preSolution
		HideSolutionNode = FALSE
	EndGlobalSection
	GlobalSection(NestedProjects) = preSolution
		{C8C65594-A6F5-4D8C-9A40-B257F5A63230} = {09508787-B726-4595-AA04-FD652D0B4609}
		{96BF185F-019E-4211-B1E9-65B769395E32} = {09508787-B726-4595-AA04-FD652D0B4609}
		{73D7A5C8-6745-45C4-86B3-94BC7D68CB18} = {42DF0570-DBF2-44A3-8852-031777F111CD}
		{C913CA1C-0A2F-45CC-9A3C-248B70D7A881} = {96BF185F-019E-4211-B1E9-65B769395E32}
		{5898A4F6-D528-4025-ACC2-9EFAE96ED79A} = {96BF185F-019E-4211-B1E9-65B769395E32}
		{46D55FE5-13F8-4CBC-A597-509C0217BB31} = {96BF185F-019E-4211-B1E9-65B769395E32}
		{F375F701-6C4D-4549-A443-158370DA979E} = {96BF185F-019E-4211-B1E9-65B769395E32}
		{C7EA6A1F-4BBB-4940-8883-0C209FA1E612} = {091B1E7A-0B62-4B98-9AE9-D21CA348777C}
	EndGlobalSection
	GlobalSection(ExtensibilityGlobals) = postSolution
		SolutionGuid = {B7E68C2E-293C-48D7-A15C-6681682A0215}
	EndGlobalSection
EndGlobal
