
Microsoft Visual Studio Solution File, Format Version 12.00
# Visual Studio Version 17
VisualStudioVersion = 17.4.33403.182
MinimumVisualStudioVersion = 10.0.40219.1
Project("{2150E333-8FDC-42A3-9474-1A3956D46DE8}") = "Services", "Services", "{09508787-B726-4595-AA04-FD652D0B4609}"
EndProject
Project("{2150E333-8FDC-42A3-9474-1A3956D46DE8}") = "IdentityServer", "IdentityServer", "{C8C65594-A6F5-4D8C-9A40-B257F5A63230}"
EndProject
Project("{2150E333-8FDC-42A3-9474-1A3956D46DE8}") = "Accounts", "Accounts", "{96BF185F-019E-4211-B1E9-65B769395E32}"
EndProject
Project("{2150E333-8FDC-42A3-9474-1A3956D46DE8}") = "Gateways", "Gateways", "{42DF0570-DBF2-44A3-8852-031777F111CD}"
EndProject
Project("{2150E333-8FDC-42A3-9474-1A3956D46DE8}") = "Shared", "Shared", "{091B1E7A-0B62-4B98-9AE9-D21CA348777C}"
EndProject
Project("{2150E333-8FDC-42A3-9474-1A3956D46DE8}") = "Solution Items", "Solution Items", "{49D68E31-5E5F-4676-92D3-4DC125DBC4A2}"
	ProjectSection(SolutionItems) = preProject
		Solution Items\Note.txt = Solution Items\Note.txt
		Solution Items\Port.txt = Solution Items\Port.txt
	EndProjectSection
EndProject
Project("{9A19103F-16F7-4668-BE54-9A1E7A4F7556}") = "VetSystems.Gateway", "ApiGateways\VetSystems.Gateway\VetSystems.Gateway.csproj", "{73D7A5C8-6745-45C4-86B3-94BC7D68CB18}"
EndProject
Project("{9A19103F-16F7-4668-BE54-9A1E7A4F7556}") = "VetSystems.Account.Api", "Services\Account\VetSystems.Account\VetSystems.Account.Api.csproj", "{C913CA1C-0A2F-45CC-9A3C-248B70D7A881}"
EndProject
Project("{9A19103F-16F7-4668-BE54-9A1E7A4F7556}") = "VetSystems.Account.Application", "Services\Account\VetSystems.Account.Application\VetSystems.Account.Application.csproj", "{5898A4F6-D528-4025-ACC2-9EFAE96ED79A}"
EndProject
Project("{9A19103F-16F7-4668-BE54-9A1E7A4F7556}") = "VetSystems.Account.Domain", "Services\Account\VetSystems.Account.Domain\VetSystems.Account.Domain.csproj", "{46D55FE5-13F8-4CBC-A597-509C0217BB31}"
EndProject
Project("{9A19103F-16F7-4668-BE54-9A1E7A4F7556}") = "VetSystems.Account.Infrastructure", "Services\Account\VetSystems.Account.Infrastructure\VetSystems.Account.Infrastructure.csproj", "{F375F701-6C4D-4549-A443-158370DA979E}"
EndProject
Project("{9A19103F-16F7-4668-BE54-9A1E7A4F7556}") = "VetSystems.Shared", "Shared\VetSystems.Shared\VetSystems.Shared.csproj", "{C7EA6A1F-4BBB-4940-8883-0C209FA1E612}"
EndProject
Project("{9A19103F-16F7-4668-BE54-9A1E7A4F7556}") = "VetSystems.IdentityServer", "Services\IdentityServer\VetSystems.IdentityServer\VetSystems.IdentityServer.csproj", "{992391DF-5FB1-458D-B6F3-08587510D5D4}"
EndProject
Project("{9A19103F-16F7-4668-BE54-9A1E7A4F7556}") = "VetSystems.IdentityServer.Infrastructure", "Services\IdentityServer\VetSystems.IdentityServer.Infrastructure\VetSystems.IdentityServer.Infrastructure.csproj", "{BCA06A61-C7BC-4866-AB40-8765ACB823E5}"
EndProject
Project("{9A19103F-16F7-4668-BE54-9A1E7A4F7556}") = "VetSystems.IdentityServer.Application", "Services\IdentityServer\VetSystems.IdentityServer.Application\VetSystems.IdentityServer.Application.csproj", "{CF249EC9-CE62-46F5-8603-C4A23424D1E5}"
EndProject
Project("{2150E333-8FDC-42A3-9474-1A3956D46DE8}") = "Vet", "Vet", "{2AF69030-719C-4701-A5D2-B7434A6481A3}"
EndProject
Project("{9A19103F-16F7-4668-BE54-9A1E7A4F7556}") = "VetSystems.Vet.Api", "Services\Vet\VetSystems.Vet.Api\VetSystems.Vet.Api\VetSystems.Vet.Api.csproj", "{310C5440-BD5C-4421-BF82-9DF8F5309AF2}"
EndProject
Project("{9A19103F-16F7-4668-BE54-9A1E7A4F7556}") = "VetSystems.Vet.Application", "Services\Vet\VetSystems.Vet.Application\VetSystems.Vet.Application\VetSystems.Vet.Application.csproj", "{30B54CFF-1925-413A-BCBB-118DAD165C1E}"
EndProject
Project("{9A19103F-16F7-4668-BE54-9A1E7A4F7556}") = "VetSystems.Vet.Domain", "Services\Vet\VetSystems.Vet.Domain\VetSystems.Vet.Domain\VetSystems.Vet.Domain.csproj", "{29CF811D-792E-4AC3-A989-25CE1F7B5A32}"
EndProject
Project("{9A19103F-16F7-4668-BE54-9A1E7A4F7556}") = "VetSystems.Vet.Infrastructure", "Services\Vet\VetSystems.Vet.Infrastructure\VetSystems.Vet.Infrastructure\VetSystems.Vet.Infrastructure.csproj", "{96D03F21-E5BA-4CC5-BF44-4CEC7D305923}"
EndProject
Project("{2150E333-8FDC-42A3-9474-1A3956D46DE8}") = "Integrations", "Integrations", "{DA716BB0-2E04-4079-88D3-8EE4C7FAA4B5}"
EndProject
Project("{9A19103F-16F7-4668-BE54-9A1E7A4F7556}") = "VetSystems.Integrations.Application", "Services\Integrations\VetSystems.Integrations.Application\VetSystems.Integrations.Application.csproj", "{7F56FA02-CABE-4C1E-A603-DB586E472D5B}"
EndProject
Project("{9A19103F-16F7-4668-BE54-9A1E7A4F7556}") = "VetSystems.Integrations.Domain", "Services\Integrations\VetSystems.Integrations.Domain\VetSystems.Integrations.Domain.csproj", "{60A556B2-55E2-42E6-A77F-0DEF38E6E67A}"
EndProject
Project("{9A19103F-16F7-4668-BE54-9A1E7A4F7556}") = "VetSystems.Integrations.Infrastructure", "Services\Integrations\VetSystems.Integrations.Infrastructure\VetSystems.Integrations.Infrastructure.csproj", "{37C5614F-6DB3-4CA3-8C70-48E82507140F}"
EndProject
Project("{9A19103F-16F7-4668-BE54-9A1E7A4F7556}") = "VetSystems.Integrations.Api", "Services\Integrations\VetSystems.Integrations.Api\VetSystems.Integrations.Api.csproj", "{B9FC8E9F-6945-4E30-84BC-533BCBCB5B8B}"
EndProject
Project("{2150E333-8FDC-42A3-9474-1A3956D46DE8}") = "Mobile", "Mobile", "{3DBE97D1-7A22-4B3B-B55A-856EF7DA09E7}"
EndProject
Project("{9A19103F-16F7-4668-BE54-9A1E7A4F7556}") = "VetSystems.Mobile.Application", "Services\Mobile\VetSystems.Mobile.Application\VetSystems.Mobile.Application.csproj", "{5A33439A-4AE1-4B5C-BEAD-E19377317E83}"
EndProject
Project("{9A19103F-16F7-4668-BE54-9A1E7A4F7556}") = "VetSystems.Mobile.Domain", "Services\Mobile\VetSystems.Mobile.Domain\VetSystems.Mobile.Domain.csproj", "{C846CB2B-3D0C-407F-B495-40E80DA25B05}"
EndProject
Project("{9A19103F-16F7-4668-BE54-9A1E7A4F7556}") = "VetSystems.Mobile.Infrastructure", "Services\Mobile\VetSystems.Mobile.Infrastructure\VetSystems.Mobile.Infrastructure.csproj", "{473B7358-B846-47A4-92A1-3D238EF50F19}"
EndProject
Project("{9A19103F-16F7-4668-BE54-9A1E7A4F7556}") = "VetSystems.Mobile.Api", "Services\Mobile\VetSystems.Mobile.Api\VetSystems.Mobile.Api.csproj", "{1C3C135F-F67F-4E1D-9FAB-381BD2993990}"
EndProject
Project("{2150E333-8FDC-42A3-9474-1A3956D46DE8}") = "Farm", "Farm", "{DCCE0E80-94FD-497E-B590-8BC844B7BA2B}"
EndProject
Project("{9A19103F-16F7-4668-BE54-9A1E7A4F7556}") = "VetSystems.Farm.Api", "Services\Farm\VetSystems.Farm.Api\VetSystems.Farm.Api.csproj", "{9E521AB8-C299-48F8-889D-26B5814AE76F}"
EndProject
Project("{9A19103F-16F7-4668-BE54-9A1E7A4F7556}") = "VetSystems.Farm.Application", "Services\Farm\VetSystems.Farm.Application\VetSystems.Farm.Application.csproj", "{FD15185D-DB01-49AC-8AA3-AB0FB32F3D02}"
EndProject
Project("{9A19103F-16F7-4668-BE54-9A1E7A4F7556}") = "VetSystems.Farm.Domain", "Services\Farm\VetSystems.Farm.Domain\VetSystems.Farm.Domain.csproj", "{2B2D4D59-C15F-4A83-957E-6018D64D08EB}"
EndProject
Project("{9A19103F-16F7-4668-BE54-9A1E7A4F7556}") = "VetSystems.Farm.Infrastructure", "Services\Farm\VetSystems.Farm.Infrastructure\VetSystems.Farm.Infrastructure.csproj", "{6B3EA3E7-AC63-4AEB-9BBC-D0C6026052DB}"
EndProject
Project("{2150E333-8FDC-42A3-9474-1A3956D46DE8}") = "Chat", "Chat", "{8A670B04-DBA6-47C2-B064-0227708971BC}"
EndProject
Project("{9A19103F-16F7-4668-BE54-9A1E7A4F7556}") = "VetSystems.Chat.Api", "Services\Chat\VetSystems.Chat.Api\VetSystems.Chat.Api.csproj", "{3A566902-2A53-46D5-B56B-A093809E4ADB}"
EndProject
Project("{9A19103F-16F7-4668-BE54-9A1E7A4F7556}") = "VetSystems.Chat.Infrastructure", "Services\Chat\VetSystems.Chat.Infrastructure\VetSystems.Chat.Infrastructure.csproj", "{65DAD2BC-6946-4FBB-BC9C-4B05A98226A9}"
EndProject
Project("{9A19103F-16F7-4668-BE54-9A1E7A4F7556}") = "VetSystems.Chat.Application", "Services\Chat\VetSystems.Chat.Application\VetSystems.Chat.Application.csproj", "{D0709862-9529-477B-921D-6B0894474E7F}"
EndProject
Project("{E53339B2-1760-4266-BCC7-CA923CBCF16C}") = "docker-compose", "docker-compose.dcproj", "{AD335B7F-DE9D-4292-922D-3AF7DB32433F}"
EndProject
Project("{2150E333-8FDC-42A3-9474-1A3956D46DE8}") = "Mail", "Mail", "{16E49728-ED06-4DC8-83C9-F3140CB03777}"
EndProject
Project("{9A19103F-16F7-4668-BE54-9A1E7A4F7556}") = "VetSystems.Mail.Api", "Services\Mail\VetSystems.Mail.Api\VetSystems.Mail.Api.csproj", "{FE01AD31-206B-43C6-A9FB-E175AC17F91E}"
EndProject
Project("{9A19103F-16F7-4668-BE54-9A1E7A4F7556}") = "VetSystems.Mail.Application", "Services\Mail\VetSystems.Mail.Application\VetSystems.Mail.Application.csproj", "{30AB1146-3412-4C38-9C23-64FBDAB01E25}"
EndProject
Project("{9A19103F-16F7-4668-BE54-9A1E7A4F7556}") = "VetSystems.Mail.Domain", "Services\Mail\VetSystems.Mail.Domain\VetSystems.Mail.Domain.csproj", "{E8C402EF-4347-465E-B2AF-642023560446}"
EndProject
Project("{9A19103F-16F7-4668-BE54-9A1E7A4F7556}") = "VetSystems.Mail.Infrastructure", "Services\Mail\VetSystems.Mail.Infrastructure\VetSystems.Mail.Infrastructure.csproj", "{9546C666-56AB-4652-9E3C-85580DBA8E5B}"
EndProject
Project("{2150E333-8FDC-42A3-9474-1A3956D46DE8}") = "Report", "Report", "{D861A9B0-ED20-4572-A966-9F7ED9D4E39B}"
EndProject
Project("{FAE04EC0-301F-11D3-BF4B-00C04F79EFBC}") = "VetSystems.Report.Api", "Services\Report\VetSystems.Report.Api\VetSystems.Report.Api.csproj", "{6CB368AC-88D4-4F3A-9C25-F08817055551}"
EndProject
Project("{FAE04EC0-301F-11D3-BF4B-00C04F79EFBC}") = "VetSystems.Report.Application", "Services\Report\VetSystems.Report.Application\VetSystems.Report.Application.csproj", "{90E0ACFC-AB89-4F5B-AD2F-E6EBC5A3E6DF}"
EndProject
Project("{FAE04EC0-301F-11D3-BF4B-00C04F79EFBC}") = "VetSystems.Report.Domain", "Services\Report\VetSystems.Report.Domain\VetSystems.Report.Domain.csproj", "{D18BB098-FDA0-4EC2-ABDA-C21769295F56}"
EndProject
Project("{FAE04EC0-301F-11D3-BF4B-00C04F79EFBC}") = "VetSystems.Report.Infrastructure", "Services\Report\VetSystems.Report.Infrastructure\VetSystems.Report.Infrastructure.csproj", "{B44B8C44-229E-484E-AE76-A6DE336AA3CB}"
EndProject
Global
	GlobalSection(SolutionConfigurationPlatforms) = preSolution
		Debug|Any CPU = Debug|Any CPU
		Release|Any CPU = Release|Any CPU
	EndGlobalSection
	GlobalSection(ProjectConfigurationPlatforms) = postSolution
		{73D7A5C8-6745-45C4-86B3-94BC7D68CB18}.Debug|Any CPU.ActiveCfg = Debug|Any CPU
		{73D7A5C8-6745-45C4-86B3-94BC7D68CB18}.Debug|Any CPU.Build.0 = Debug|Any CPU
		{73D7A5C8-6745-45C4-86B3-94BC7D68CB18}.Release|Any CPU.ActiveCfg = Release|Any CPU
		{73D7A5C8-6745-45C4-86B3-94BC7D68CB18}.Release|Any CPU.Build.0 = Release|Any CPU
		{C913CA1C-0A2F-45CC-9A3C-248B70D7A881}.Debug|Any CPU.ActiveCfg = Debug|Any CPU
		{C913CA1C-0A2F-45CC-9A3C-248B70D7A881}.Debug|Any CPU.Build.0 = Debug|Any CPU
		{C913CA1C-0A2F-45CC-9A3C-248B70D7A881}.Release|Any CPU.ActiveCfg = Release|Any CPU
		{C913CA1C-0A2F-45CC-9A3C-248B70D7A881}.Release|Any CPU.Build.0 = Release|Any CPU
		{5898A4F6-D528-4025-ACC2-9EFAE96ED79A}.Debug|Any CPU.ActiveCfg = Debug|Any CPU
		{5898A4F6-D528-4025-ACC2-9EFAE96ED79A}.Debug|Any CPU.Build.0 = Debug|Any CPU
		{5898A4F6-D528-4025-ACC2-9EFAE96ED79A}.Release|Any CPU.ActiveCfg = Release|Any CPU
		{5898A4F6-D528-4025-ACC2-9EFAE96ED79A}.Release|Any CPU.Build.0 = Release|Any CPU
		{46D55FE5-13F8-4CBC-A597-509C0217BB31}.Debug|Any CPU.ActiveCfg = Debug|Any CPU
		{46D55FE5-13F8-4CBC-A597-509C0217BB31}.Debug|Any CPU.Build.0 = Debug|Any CPU
		{46D55FE5-13F8-4CBC-A597-509C0217BB31}.Release|Any CPU.ActiveCfg = Release|Any CPU
		{46D55FE5-13F8-4CBC-A597-509C0217BB31}.Release|Any CPU.Build.0 = Release|Any CPU
		{F375F701-6C4D-4549-A443-158370DA979E}.Debug|Any CPU.ActiveCfg = Debug|Any CPU
		{F375F701-6C4D-4549-A443-158370DA979E}.Debug|Any CPU.Build.0 = Debug|Any CPU
		{F375F701-6C4D-4549-A443-158370DA979E}.Release|Any CPU.ActiveCfg = Release|Any CPU
		{F375F701-6C4D-4549-A443-158370DA979E}.Release|Any CPU.Build.0 = Release|Any CPU
		{C7EA6A1F-4BBB-4940-8883-0C209FA1E612}.Debug|Any CPU.ActiveCfg = Debug|Any CPU
		{C7EA6A1F-4BBB-4940-8883-0C209FA1E612}.Debug|Any CPU.Build.0 = Debug|Any CPU
		{C7EA6A1F-4BBB-4940-8883-0C209FA1E612}.Release|Any CPU.ActiveCfg = Release|Any CPU
		{C7EA6A1F-4BBB-4940-8883-0C209FA1E612}.Release|Any CPU.Build.0 = Release|Any CPU
		{992391DF-5FB1-458D-B6F3-08587510D5D4}.Debug|Any CPU.ActiveCfg = Debug|Any CPU
		{992391DF-5FB1-458D-B6F3-08587510D5D4}.Debug|Any CPU.Build.0 = Debug|Any CPU
		{992391DF-5FB1-458D-B6F3-08587510D5D4}.Release|Any CPU.ActiveCfg = Release|Any CPU
		{992391DF-5FB1-458D-B6F3-08587510D5D4}.Release|Any CPU.Build.0 = Release|Any CPU
		{BCA06A61-C7BC-4866-AB40-8765ACB823E5}.Debug|Any CPU.ActiveCfg = Debug|Any CPU
		{BCA06A61-C7BC-4866-AB40-8765ACB823E5}.Debug|Any CPU.Build.0 = Debug|Any CPU
		{BCA06A61-C7BC-4866-AB40-8765ACB823E5}.Release|Any CPU.ActiveCfg = Release|Any CPU
		{BCA06A61-C7BC-4866-AB40-8765ACB823E5}.Release|Any CPU.Build.0 = Release|Any CPU
		{CF249EC9-CE62-46F5-8603-C4A23424D1E5}.Debug|Any CPU.ActiveCfg = Debug|Any CPU
		{CF249EC9-CE62-46F5-8603-C4A23424D1E5}.Debug|Any CPU.Build.0 = Debug|Any CPU
		{CF249EC9-CE62-46F5-8603-C4A23424D1E5}.Release|Any CPU.ActiveCfg = Release|Any CPU
		{CF249EC9-CE62-46F5-8603-C4A23424D1E5}.Release|Any CPU.Build.0 = Release|Any CPU
		{310C5440-BD5C-4421-BF82-9DF8F5309AF2}.Debug|Any CPU.ActiveCfg = Debug|Any CPU
		{310C5440-BD5C-4421-BF82-9DF8F5309AF2}.Debug|Any CPU.Build.0 = Debug|Any CPU
		{310C5440-BD5C-4421-BF82-9DF8F5309AF2}.Release|Any CPU.ActiveCfg = Release|Any CPU
		{310C5440-BD5C-4421-BF82-9DF8F5309AF2}.Release|Any CPU.Build.0 = Release|Any CPU
		{30B54CFF-1925-413A-BCBB-118DAD165C1E}.Debug|Any CPU.ActiveCfg = Debug|Any CPU
		{30B54CFF-1925-413A-BCBB-118DAD165C1E}.Debug|Any CPU.Build.0 = Debug|Any CPU
		{30B54CFF-1925-413A-BCBB-118DAD165C1E}.Release|Any CPU.ActiveCfg = Release|Any CPU
		{30B54CFF-1925-413A-BCBB-118DAD165C1E}.Release|Any CPU.Build.0 = Release|Any CPU
		{29CF811D-792E-4AC3-A989-25CE1F7B5A32}.Debug|Any CPU.ActiveCfg = Debug|Any CPU
		{29CF811D-792E-4AC3-A989-25CE1F7B5A32}.Debug|Any CPU.Build.0 = Debug|Any CPU
		{29CF811D-792E-4AC3-A989-25CE1F7B5A32}.Release|Any CPU.ActiveCfg = Release|Any CPU
		{29CF811D-792E-4AC3-A989-25CE1F7B5A32}.Release|Any CPU.Build.0 = Release|Any CPU
		{96D03F21-E5BA-4CC5-BF44-4CEC7D305923}.Debug|Any CPU.ActiveCfg = Debug|Any CPU
		{96D03F21-E5BA-4CC5-BF44-4CEC7D305923}.Debug|Any CPU.Build.0 = Debug|Any CPU
		{96D03F21-E5BA-4CC5-BF44-4CEC7D305923}.Release|Any CPU.ActiveCfg = Release|Any CPU
		{96D03F21-E5BA-4CC5-BF44-4CEC7D305923}.Release|Any CPU.Build.0 = Release|Any CPU
		{7F56FA02-CABE-4C1E-A603-DB586E472D5B}.Debug|Any CPU.ActiveCfg = Debug|Any CPU
		{7F56FA02-CABE-4C1E-A603-DB586E472D5B}.Debug|Any CPU.Build.0 = Debug|Any CPU
		{7F56FA02-CABE-4C1E-A603-DB586E472D5B}.Release|Any CPU.ActiveCfg = Release|Any CPU
		{7F56FA02-CABE-4C1E-A603-DB586E472D5B}.Release|Any CPU.Build.0 = Release|Any CPU
		{60A556B2-55E2-42E6-A77F-0DEF38E6E67A}.Debug|Any CPU.ActiveCfg = Debug|Any CPU
		{60A556B2-55E2-42E6-A77F-0DEF38E6E67A}.Debug|Any CPU.Build.0 = Debug|Any CPU
		{60A556B2-55E2-42E6-A77F-0DEF38E6E67A}.Release|Any CPU.ActiveCfg = Release|Any CPU
		{60A556B2-55E2-42E6-A77F-0DEF38E6E67A}.Release|Any CPU.Build.0 = Release|Any CPU
		{37C5614F-6DB3-4CA3-8C70-48E82507140F}.Debug|Any CPU.ActiveCfg = Debug|Any CPU
		{37C5614F-6DB3-4CA3-8C70-48E82507140F}.Debug|Any CPU.Build.0 = Debug|Any CPU
		{37C5614F-6DB3-4CA3-8C70-48E82507140F}.Release|Any CPU.ActiveCfg = Release|Any CPU
		{37C5614F-6DB3-4CA3-8C70-48E82507140F}.Release|Any CPU.Build.0 = Release|Any CPU
		{B9FC8E9F-6945-4E30-84BC-533BCBCB5B8B}.Debug|Any CPU.ActiveCfg = Debug|Any CPU
		{B9FC8E9F-6945-4E30-84BC-533BCBCB5B8B}.Debug|Any CPU.Build.0 = Debug|Any CPU
		{B9FC8E9F-6945-4E30-84BC-533BCBCB5B8B}.Release|Any CPU.ActiveCfg = Release|Any CPU
		{B9FC8E9F-6945-4E30-84BC-533BCBCB5B8B}.Release|Any CPU.Build.0 = Release|Any CPU
		{5A33439A-4AE1-4B5C-BEAD-E19377317E83}.Debug|Any CPU.ActiveCfg = Debug|Any CPU
		{5A33439A-4AE1-4B5C-BEAD-E19377317E83}.Debug|Any CPU.Build.0 = Debug|Any CPU
		{5A33439A-4AE1-4B5C-BEAD-E19377317E83}.Release|Any CPU.ActiveCfg = Release|Any CPU
		{5A33439A-4AE1-4B5C-BEAD-E19377317E83}.Release|Any CPU.Build.0 = Release|Any CPU
		{C846CB2B-3D0C-407F-B495-40E80DA25B05}.Debug|Any CPU.ActiveCfg = Debug|Any CPU
		{C846CB2B-3D0C-407F-B495-40E80DA25B05}.Debug|Any CPU.Build.0 = Debug|Any CPU
		{C846CB2B-3D0C-407F-B495-40E80DA25B05}.Release|Any CPU.ActiveCfg = Release|Any CPU
		{C846CB2B-3D0C-407F-B495-40E80DA25B05}.Release|Any CPU.Build.0 = Release|Any CPU
		{473B7358-B846-47A4-92A1-3D238EF50F19}.Debug|Any CPU.ActiveCfg = Debug|Any CPU
		{473B7358-B846-47A4-92A1-3D238EF50F19}.Debug|Any CPU.Build.0 = Debug|Any CPU
		{473B7358-B846-47A4-92A1-3D238EF50F19}.Release|Any CPU.ActiveCfg = Release|Any CPU
		{473B7358-B846-47A4-92A1-3D238EF50F19}.Release|Any CPU.Build.0 = Release|Any CPU
		{1C3C135F-F67F-4E1D-9FAB-381BD2993990}.Debug|Any CPU.ActiveCfg = Debug|Any CPU
		{1C3C135F-F67F-4E1D-9FAB-381BD2993990}.Debug|Any CPU.Build.0 = Debug|Any CPU
		{1C3C135F-F67F-4E1D-9FAB-381BD2993990}.Release|Any CPU.ActiveCfg = Release|Any CPU
		{1C3C135F-F67F-4E1D-9FAB-381BD2993990}.Release|Any CPU.Build.0 = Release|Any CPU
		{9E521AB8-C299-48F8-889D-26B5814AE76F}.Debug|Any CPU.ActiveCfg = Debug|Any CPU
		{9E521AB8-C299-48F8-889D-26B5814AE76F}.Debug|Any CPU.Build.0 = Debug|Any CPU
		{9E521AB8-C299-48F8-889D-26B5814AE76F}.Release|Any CPU.ActiveCfg = Release|Any CPU
		{9E521AB8-C299-48F8-889D-26B5814AE76F}.Release|Any CPU.Build.0 = Release|Any CPU
		{FD15185D-DB01-49AC-8AA3-AB0FB32F3D02}.Debug|Any CPU.ActiveCfg = Debug|Any CPU
		{FD15185D-DB01-49AC-8AA3-AB0FB32F3D02}.Debug|Any CPU.Build.0 = Debug|Any CPU
		{FD15185D-DB01-49AC-8AA3-AB0FB32F3D02}.Release|Any CPU.ActiveCfg = Release|Any CPU
		{FD15185D-DB01-49AC-8AA3-AB0FB32F3D02}.Release|Any CPU.Build.0 = Release|Any CPU
		{2B2D4D59-C15F-4A83-957E-6018D64D08EB}.Debug|Any CPU.ActiveCfg = Debug|Any CPU
		{2B2D4D59-C15F-4A83-957E-6018D64D08EB}.Debug|Any CPU.Build.0 = Debug|Any CPU
		{2B2D4D59-C15F-4A83-957E-6018D64D08EB}.Release|Any CPU.ActiveCfg = Release|Any CPU
		{2B2D4D59-C15F-4A83-957E-6018D64D08EB}.Release|Any CPU.Build.0 = Release|Any CPU
		{6B3EA3E7-AC63-4AEB-9BBC-D0C6026052DB}.Debug|Any CPU.ActiveCfg = Debug|Any CPU
		{6B3EA3E7-AC63-4AEB-9BBC-D0C6026052DB}.Debug|Any CPU.Build.0 = Debug|Any CPU
		{6B3EA3E7-AC63-4AEB-9BBC-D0C6026052DB}.Release|Any CPU.ActiveCfg = Release|Any CPU
		{6B3EA3E7-AC63-4AEB-9BBC-D0C6026052DB}.Release|Any CPU.Build.0 = Release|Any CPU
		{3A566902-2A53-46D5-B56B-A093809E4ADB}.Debug|Any CPU.ActiveCfg = Debug|Any CPU
		{3A566902-2A53-46D5-B56B-A093809E4ADB}.Debug|Any CPU.Build.0 = Debug|Any CPU
		{3A566902-2A53-46D5-B56B-A093809E4ADB}.Release|Any CPU.ActiveCfg = Release|Any CPU
		{3A566902-2A53-46D5-B56B-A093809E4ADB}.Release|Any CPU.Build.0 = Release|Any CPU
		{65DAD2BC-6946-4FBB-BC9C-4B05A98226A9}.Debug|Any CPU.ActiveCfg = Debug|Any CPU
		{65DAD2BC-6946-4FBB-BC9C-4B05A98226A9}.Debug|Any CPU.Build.0 = Debug|Any CPU
		{65DAD2BC-6946-4FBB-BC9C-4B05A98226A9}.Release|Any CPU.ActiveCfg = Release|Any CPU
		{65DAD2BC-6946-4FBB-BC9C-4B05A98226A9}.Release|Any CPU.Build.0 = Release|Any CPU
		{D0709862-9529-477B-921D-6B0894474E7F}.Debug|Any CPU.ActiveCfg = Debug|Any CPU
		{D0709862-9529-477B-921D-6B0894474E7F}.Debug|Any CPU.Build.0 = Debug|Any CPU
		{D0709862-9529-477B-921D-6B0894474E7F}.Release|Any CPU.ActiveCfg = Release|Any CPU
		{D0709862-9529-477B-921D-6B0894474E7F}.Release|Any CPU.Build.0 = Release|Any CPU
		{AD335B7F-DE9D-4292-922D-3AF7DB32433F}.Debug|Any CPU.ActiveCfg = Debug|Any CPU
		{AD335B7F-DE9D-4292-922D-3AF7DB32433F}.Debug|Any CPU.Build.0 = Debug|Any CPU
		{AD335B7F-DE9D-4292-922D-3AF7DB32433F}.Release|Any CPU.ActiveCfg = Release|Any CPU
		{AD335B7F-DE9D-4292-922D-3AF7DB32433F}.Release|Any CPU.Build.0 = Release|Any CPU
		{FE01AD31-206B-43C6-A9FB-E175AC17F91E}.Debug|Any CPU.ActiveCfg = Debug|Any CPU
		{FE01AD31-206B-43C6-A9FB-E175AC17F91E}.Debug|Any CPU.Build.0 = Debug|Any CPU
		{FE01AD31-206B-43C6-A9FB-E175AC17F91E}.Release|Any CPU.ActiveCfg = Release|Any CPU
		{FE01AD31-206B-43C6-A9FB-E175AC17F91E}.Release|Any CPU.Build.0 = Release|Any CPU
		{30AB1146-3412-4C38-9C23-64FBDAB01E25}.Debug|Any CPU.ActiveCfg = Debug|Any CPU
		{30AB1146-3412-4C38-9C23-64FBDAB01E25}.Debug|Any CPU.Build.0 = Debug|Any CPU
		{30AB1146-3412-4C38-9C23-64FBDAB01E25}.Release|Any CPU.ActiveCfg = Release|Any CPU
		{30AB1146-3412-4C38-9C23-64FBDAB01E25}.Release|Any CPU.Build.0 = Release|Any CPU
		{E8C402EF-4347-465E-B2AF-642023560446}.Debug|Any CPU.ActiveCfg = Debug|Any CPU
		{E8C402EF-4347-465E-B2AF-642023560446}.Debug|Any CPU.Build.0 = Debug|Any CPU
		{E8C402EF-4347-465E-B2AF-642023560446}.Release|Any CPU.ActiveCfg = Release|Any CPU
		{E8C402EF-4347-465E-B2AF-642023560446}.Release|Any CPU.Build.0 = Release|Any CPU
		{9546C666-56AB-4652-9E3C-85580DBA8E5B}.Debug|Any CPU.ActiveCfg = Debug|Any CPU
		{9546C666-56AB-4652-9E3C-85580DBA8E5B}.Debug|Any CPU.Build.0 = Debug|Any CPU
		{9546C666-56AB-4652-9E3C-85580DBA8E5B}.Release|Any CPU.ActiveCfg = Release|Any CPU
		{9546C666-56AB-4652-9E3C-85580DBA8E5B}.Release|Any CPU.Build.0 = Release|Any CPU
		{6CB368AC-88D4-4F3A-9C25-F08817055551}.Debug|Any CPU.ActiveCfg = Debug|Any CPU
		{6CB368AC-88D4-4F3A-9C25-F08817055551}.Debug|Any CPU.Build.0 = Debug|Any CPU
		{6CB368AC-88D4-4F3A-9C25-F08817055551}.Release|Any CPU.ActiveCfg = Release|Any CPU
		{6CB368AC-88D4-4F3A-9C25-F08817055551}.Release|Any CPU.Build.0 = Release|Any CPU
		{90E0ACFC-AB89-4F5B-AD2F-E6EBC5A3E6DF}.Debug|Any CPU.ActiveCfg = Debug|Any CPU
		{90E0ACFC-AB89-4F5B-AD2F-E6EBC5A3E6DF}.Debug|Any CPU.Build.0 = Debug|Any CPU
		{90E0ACFC-AB89-4F5B-AD2F-E6EBC5A3E6DF}.Release|Any CPU.ActiveCfg = Release|Any CPU
		{90E0ACFC-AB89-4F5B-AD2F-E6EBC5A3E6DF}.Release|Any CPU.Build.0 = Release|Any CPU
		{D18BB098-FDA0-4EC2-ABDA-C21769295F56}.Debug|Any CPU.ActiveCfg = Debug|Any CPU
		{D18BB098-FDA0-4EC2-ABDA-C21769295F56}.Debug|Any CPU.Build.0 = Debug|Any CPU
		{D18BB098-FDA0-4EC2-ABDA-C21769295F56}.Release|Any CPU.ActiveCfg = Release|Any CPU
		{D18BB098-FDA0-4EC2-ABDA-C21769295F56}.Release|Any CPU.Build.0 = Release|Any CPU
		{B44B8C44-229E-484E-AE76-A6DE336AA3CB}.Debug|Any CPU.ActiveCfg = Debug|Any CPU
		{B44B8C44-229E-484E-AE76-A6DE336AA3CB}.Debug|Any CPU.Build.0 = Debug|Any CPU
		{B44B8C44-229E-484E-AE76-A6DE336AA3CB}.Release|Any CPU.ActiveCfg = Release|Any CPU
		{B44B8C44-229E-484E-AE76-A6DE336AA3CB}.Release|Any CPU.Build.0 = Release|Any CPU
	EndGlobalSection
	GlobalSection(SolutionProperties) = preSolution
		HideSolutionNode = FALSE
	EndGlobalSection
	GlobalSection(NestedProjects) = preSolution
		{C8C65594-A6F5-4D8C-9A40-B257F5A63230} = {09508787-B726-4595-AA04-FD652D0B4609}
		{96BF185F-019E-4211-B1E9-65B769395E32} = {09508787-B726-4595-AA04-FD652D0B4609}
		{73D7A5C8-6745-45C4-86B3-94BC7D68CB18} = {42DF0570-DBF2-44A3-8852-031777F111CD}
		{C913CA1C-0A2F-45CC-9A3C-248B70D7A881} = {96BF185F-019E-4211-B1E9-65B769395E32}
		{5898A4F6-D528-4025-ACC2-9EFAE96ED79A} = {96BF185F-019E-4211-B1E9-65B769395E32}
		{46D55FE5-13F8-4CBC-A597-509C0217BB31} = {96BF185F-019E-4211-B1E9-65B769395E32}
		{F375F701-6C4D-4549-A443-158370DA979E} = {96BF185F-019E-4211-B1E9-65B769395E32}
		{C7EA6A1F-4BBB-4940-8883-0C209FA1E612} = {091B1E7A-0B62-4B98-9AE9-D21CA348777C}
		{992391DF-5FB1-458D-B6F3-08587510D5D4} = {C8C65594-A6F5-4D8C-9A40-B257F5A63230}
		{BCA06A61-C7BC-4866-AB40-8765ACB823E5} = {C8C65594-A6F5-4D8C-9A40-B257F5A63230}
		{CF249EC9-CE62-46F5-8603-C4A23424D1E5} = {C8C65594-A6F5-4D8C-9A40-B257F5A63230}
		{2AF69030-719C-4701-A5D2-B7434A6481A3} = {09508787-B726-4595-AA04-FD652D0B4609}
		{310C5440-BD5C-4421-BF82-9DF8F5309AF2} = {2AF69030-719C-4701-A5D2-B7434A6481A3}
		{30B54CFF-1925-413A-BCBB-118DAD165C1E} = {2AF69030-719C-4701-A5D2-B7434A6481A3}
		{29CF811D-792E-4AC3-A989-25CE1F7B5A32} = {2AF69030-719C-4701-A5D2-B7434A6481A3}
		{96D03F21-E5BA-4CC5-BF44-4CEC7D305923} = {2AF69030-719C-4701-A5D2-B7434A6481A3}
		{DA716BB0-2E04-4079-88D3-8EE4C7FAA4B5} = {09508787-B726-4595-AA04-FD652D0B4609}
		{7F56FA02-CABE-4C1E-A603-DB586E472D5B} = {DA716BB0-2E04-4079-88D3-8EE4C7FAA4B5}
		{60A556B2-55E2-42E6-A77F-0DEF38E6E67A} = {DA716BB0-2E04-4079-88D3-8EE4C7FAA4B5}
		{37C5614F-6DB3-4CA3-8C70-48E82507140F} = {DA716BB0-2E04-4079-88D3-8EE4C7FAA4B5}
		{B9FC8E9F-6945-4E30-84BC-533BCBCB5B8B} = {DA716BB0-2E04-4079-88D3-8EE4C7FAA4B5}
		{3DBE97D1-7A22-4B3B-B55A-856EF7DA09E7} = {09508787-B726-4595-AA04-FD652D0B4609}
		{5A33439A-4AE1-4B5C-BEAD-E19377317E83} = {3DBE97D1-7A22-4B3B-B55A-856EF7DA09E7}
		{C846CB2B-3D0C-407F-B495-40E80DA25B05} = {3DBE97D1-7A22-4B3B-B55A-856EF7DA09E7}
		{473B7358-B846-47A4-92A1-3D238EF50F19} = {3DBE97D1-7A22-4B3B-B55A-856EF7DA09E7}
		{1C3C135F-F67F-4E1D-9FAB-381BD2993990} = {3DBE97D1-7A22-4B3B-B55A-856EF7DA09E7}
		{DCCE0E80-94FD-497E-B590-8BC844B7BA2B} = {09508787-B726-4595-AA04-FD652D0B4609}
		{9E521AB8-C299-48F8-889D-26B5814AE76F} = {DCCE0E80-94FD-497E-B590-8BC844B7BA2B}
		{FD15185D-DB01-49AC-8AA3-AB0FB32F3D02} = {DCCE0E80-94FD-497E-B590-8BC844B7BA2B}
		{2B2D4D59-C15F-4A83-957E-6018D64D08EB} = {DCCE0E80-94FD-497E-B590-8BC844B7BA2B}
		{6B3EA3E7-AC63-4AEB-9BBC-D0C6026052DB} = {DCCE0E80-94FD-497E-B590-8BC844B7BA2B}
		{8A670B04-DBA6-47C2-B064-0227708971BC} = {09508787-B726-4595-AA04-FD652D0B4609}
		{3A566902-2A53-46D5-B56B-A093809E4ADB} = {8A670B04-DBA6-47C2-B064-0227708971BC}
		{65DAD2BC-6946-4FBB-BC9C-4B05A98226A9} = {8A670B04-DBA6-47C2-B064-0227708971BC}
		{D0709862-9529-477B-921D-6B0894474E7F} = {8A670B04-DBA6-47C2-B064-0227708971BC}
		{16E49728-ED06-4DC8-83C9-F3140CB03777} = {09508787-B726-4595-AA04-FD652D0B4609}
		{FE01AD31-206B-43C6-A9FB-E175AC17F91E} = {16E49728-ED06-4DC8-83C9-F3140CB03777}
		{30AB1146-3412-4C38-9C23-64FBDAB01E25} = {16E49728-ED06-4DC8-83C9-F3140CB03777}
		{E8C402EF-4347-465E-B2AF-642023560446} = {16E49728-ED06-4DC8-83C9-F3140CB03777}
		{9546C666-56AB-4652-9E3C-85580DBA8E5B} = {16E49728-ED06-4DC8-83C9-F3140CB03777}
		{D861A9B0-ED20-4572-A966-9F7ED9D4E39B} = {09508787-B726-4595-AA04-FD652D0B4609}
		{6CB368AC-88D4-4F3A-9C25-F08817055551} = {D861A9B0-ED20-4572-A966-9F7ED9D4E39B}
		{90E0ACFC-AB89-4F5B-AD2F-E6EBC5A3E6DF} = {D861A9B0-ED20-4572-A966-9F7ED9D4E39B}
		{D18BB098-FDA0-4EC2-ABDA-C21769295F56} = {D861A9B0-ED20-4572-A966-9F7ED9D4E39B}
		{B44B8C44-229E-484E-AE76-A6DE336AA3CB} = {D861A9B0-ED20-4572-A966-9F7ED9D4E39B}
	EndGlobalSection
	GlobalSection(ExtensibilityGlobals) = postSolution
		SolutionGuid = {B7E68C2E-293C-48D7-A15C-6681682A0215}
	EndGlobalSection
EndGlobal
